
Microsoft Visual Studio Solution File, Format Version 12.00
# Visual Studio Version 16
VisualStudioVersion = 16.0.29911.84
MinimumVisualStudioVersion = 10.0.40219.1
Project("{FAE04EC0-301F-11D3-BF4B-00C04F79EFBC}") = "PO_Z2_L4", "PO_Z2_L4\PO_Z2_L4.csproj", "{B66D3126-794B-437E-B235-C1A2D6A06A42}"
EndProject
Global
	GlobalSection(SolutionConfigurationPlatforms) = preSolution
		Debug|Any CPU = Debug|Any CPU
		Release|Any CPU = Release|Any CPU
	EndGlobalSection
	GlobalSection(ProjectConfigurationPlatforms) = postSolution
		{B66D3126-794B-437E-B235-C1A2D6A06A42}.Debug|Any CPU.ActiveCfg = Debug|Any CPU
		{B66D3126-794B-437E-B235-C1A2D6A06A42}.Debug|Any CPU.Build.0 = Debug|Any CPU
		{B66D3126-794B-437E-B235-C1A2D6A06A42}.Release|Any CPU.ActiveCfg = Release|Any CPU
		{B66D3126-794B-437E-B235-C1A2D6A06A42}.Release|Any CPU.Build.0 = Release|Any CPU
	EndGlobalSection
	GlobalSection(SolutionProperties) = preSolution
		HideSolutionNode = FALSE
	EndGlobalSection
	GlobalSection(ExtensibilityGlobals) = postSolution
		SolutionGuid = {625844EF-9DDC-4D80-BE77-4A061FAC6297}
	EndGlobalSection
EndGlobal
